// !$*UTF8*$!
{
	archiveVersion = 1;
	classes = {
	};
	objectVersion = 46;
	objects = {

/* Begin PBXBuildFile section */
		7910CBC11B14834F00A65173 /* AppDelegate.swift in Sources */ = {isa = PBXBuildFile; fileRef = 7910CBC01B14834F00A65173 /* AppDelegate.swift */; };
		7910CBC51B14834F00A65173 /* GameScene.swift in Sources */ = {isa = PBXBuildFile; fileRef = 7910CBC41B14834F00A65173 /* GameScene.swift */; };
		7910CBC71B14834F00A65173 /* GameViewController.swift in Sources */ = {isa = PBXBuildFile; fileRef = 7910CBC61B14834F00A65173 /* GameViewController.swift */; };
		7910CBCA1B14834F00A65173 /* Main.storyboard in Resources */ = {isa = PBXBuildFile; fileRef = 7910CBC81B14834F00A65173 /* Main.storyboard */; };
		7910CBCC1B14834F00A65173 /* Images.xcassets in Resources */ = {isa = PBXBuildFile; fileRef = 7910CBCB1B14834F00A65173 /* Images.xcassets */; };
		7910CBCF1B14834F00A65173 /* LaunchScreen.xib in Resources */ = {isa = PBXBuildFile; fileRef = 7910CBCD1B14834F00A65173 /* LaunchScreen.xib */; };
		7910CBDB1B14834F00A65173 /* SwiftrisTests.swift in Sources */ = {isa = PBXBuildFile; fileRef = 7910CBDA1B14834F00A65173 /* SwiftrisTests.swift */; };
		7910CBEA1B14879F00A65173 /* bomb.mp3 in Resources */ = {isa = PBXBuildFile; fileRef = 7910CBE51B14879F00A65173 /* bomb.mp3 */; };
		7910CBEB1B14879F00A65173 /* drop.mp3 in Resources */ = {isa = PBXBuildFile; fileRef = 7910CBE61B14879F00A65173 /* drop.mp3 */; };
		7910CBEC1B14879F00A65173 /* gameover.mp3 in Resources */ = {isa = PBXBuildFile; fileRef = 7910CBE71B14879F00A65173 /* gameover.mp3 */; };
		7910CBED1B14879F00A65173 /* levelup.mp3 in Resources */ = {isa = PBXBuildFile; fileRef = 7910CBE81B14879F00A65173 /* levelup.mp3 */; };
		7910CBEE1B14879F00A65173 /* theme.mp3 in Resources */ = {isa = PBXBuildFile; fileRef = 7910CBE91B14879F00A65173 /* theme.mp3 */; };
		7910CBF01B1487B800A65173 /* Sprites.atlas in Resources */ = {isa = PBXBuildFile; fileRef = 7910CBEF1B1487B800A65173 /* Sprites.atlas */; };
		7910CBF71B1487E400A65173 /* background.png in Resources */ = {isa = PBXBuildFile; fileRef = 7910CBF11B1487E400A65173 /* background.png */; };
		7910CBF81B1487E400A65173 /* background@2x.png in Resources */ = {isa = PBXBuildFile; fileRef = 7910CBF21B1487E400A65173 /* background@2x.png */; };
		7910CBF91B1487E400A65173 /* gameboard.png in Resources */ = {isa = PBXBuildFile; fileRef = 7910CBF31B1487E400A65173 /* gameboard.png */; };
		7910CBFA1B1487E400A65173 /* gameboard@2x.png in Resources */ = {isa = PBXBuildFile; fileRef = 7910CBF41B1487E400A65173 /* gameboard@2x.png */; };
		7910CBFB1B1487E400A65173 /* whitebg.png in Resources */ = {isa = PBXBuildFile; fileRef = 7910CBF51B1487E400A65173 /* whitebg.png */; };
		7910CBFC1B1487E400A65173 /* whitebg@2x.png in Resources */ = {isa = PBXBuildFile; fileRef = 7910CBF61B1487E400A65173 /* whitebg@2x.png */; };
/* End PBXBuildFile section */

/* Begin PBXContainerItemProxy section */
		7910CBD51B14834F00A65173 /* PBXContainerItemProxy */ = {
			isa = PBXContainerItemProxy;
			containerPortal = 7910CBB31B14834F00A65173 /* Project object */;
			proxyType = 1;
			remoteGlobalIDString = 7910CBBA1B14834F00A65173;
			remoteInfo = Swiftris;
		};
/* End PBXContainerItemProxy section */

/* Begin PBXFileReference section */
		7910CBBB1B14834F00A65173 /* Swiftris.app */ = {isa = PBXFileReference; explicitFileType = wrapper.application; includeInIndex = 0; path = Swiftris.app; sourceTree = BUILT_PRODUCTS_DIR; };
		7910CBBF1B14834F00A65173 /* Info.plist */ = {isa = PBXFileReference; lastKnownFileType = text.plist.xml; path = Info.plist; sourceTree = "<group>"; };
		7910CBC01B14834F00A65173 /* AppDelegate.swift */ = {isa = PBXFileReference; lastKnownFileType = sourcecode.swift; path = AppDelegate.swift; sourceTree = "<group>"; };
		7910CBC41B14834F00A65173 /* GameScene.swift */ = {isa = PBXFileReference; lastKnownFileType = sourcecode.swift; path = GameScene.swift; sourceTree = "<group>"; };
		7910CBC61B14834F00A65173 /* GameViewController.swift */ = {isa = PBXFileReference; lastKnownFileType = sourcecode.swift; path = GameViewController.swift; sourceTree = "<group>"; };
		7910CBC91B14834F00A65173 /* Base */ = {isa = PBXFileReference; lastKnownFileType = file.storyboard; name = Base; path = Base.lproj/Main.storyboard; sourceTree = "<group>"; };
		7910CBCB1B14834F00A65173 /* Images.xcassets */ = {isa = PBXFileReference; lastKnownFileType = folder.assetcatalog; path = Images.xcassets; sourceTree = "<group>"; };
		7910CBCE1B14834F00A65173 /* Base */ = {isa = PBXFileReference; lastKnownFileType = file.xib; name = Base; path = Base.lproj/LaunchScreen.xib; sourceTree = "<group>"; };
		7910CBD41B14834F00A65173 /* SwiftrisTests.xctest */ = {isa = PBXFileReference; explicitFileType = wrapper.cfbundle; includeInIndex = 0; path = SwiftrisTests.xctest; sourceTree = BUILT_PRODUCTS_DIR; };
		7910CBD91B14834F00A65173 /* Info.plist */ = {isa = PBXFileReference; lastKnownFileType = text.plist.xml; path = Info.plist; sourceTree = "<group>"; };
		7910CBDA1B14834F00A65173 /* SwiftrisTests.swift */ = {isa = PBXFileReference; lastKnownFileType = sourcecode.swift; path = SwiftrisTests.swift; sourceTree = "<group>"; };
		7910CBE51B14879F00A65173 /* bomb.mp3 */ = {isa = PBXFileReference; lastKnownFileType = audio.mp3; path = bomb.mp3; sourceTree = "<group>"; };
		7910CBE61B14879F00A65173 /* drop.mp3 */ = {isa = PBXFileReference; lastKnownFileType = audio.mp3; path = drop.mp3; sourceTree = "<group>"; };
		7910CBE71B14879F00A65173 /* gameover.mp3 */ = {isa = PBXFileReference; lastKnownFileType = audio.mp3; path = gameover.mp3; sourceTree = "<group>"; };
		7910CBE81B14879F00A65173 /* levelup.mp3 */ = {isa = PBXFileReference; lastKnownFileType = audio.mp3; path = levelup.mp3; sourceTree = "<group>"; };
		7910CBE91B14879F00A65173 /* theme.mp3 */ = {isa = PBXFileReference; lastKnownFileType = audio.mp3; path = theme.mp3; sourceTree = "<group>"; };
		7910CBEF1B1487B800A65173 /* Sprites.atlas */ = {isa = PBXFileReference; lastKnownFileType = folder.skatlas; path = Sprites.atlas; sourceTree = "<group>"; };
		7910CBF11B1487E400A65173 /* background.png */ = {isa = PBXFileReference; lastKnownFileType = image.png; path = background.png; sourceTree = "<group>"; };
		7910CBF21B1487E400A65173 /* background@2x.png */ = {isa = PBXFileReference; lastKnownFileType = image.png; path = "background@2x.png"; sourceTree = "<group>"; };
		7910CBF31B1487E400A65173 /* gameboard.png */ = {isa = PBXFileReference; lastKnownFileType = image.png; path = gameboard.png; sourceTree = "<group>"; };
		7910CBF41B1487E400A65173 /* gameboard@2x.png */ = {isa = PBXFileReference; lastKnownFileType = image.png; path = "gameboard@2x.png"; sourceTree = "<group>"; };
		7910CBF51B1487E400A65173 /* whitebg.png */ = {isa = PBXFileReference; lastKnownFileType = image.png; path = whitebg.png; sourceTree = "<group>"; };
		7910CBF61B1487E400A65173 /* whitebg@2x.png */ = {isa = PBXFileReference; lastKnownFileType = image.png; path = "whitebg@2x.png"; sourceTree = "<group>"; };
/* End PBXFileReference section */

/* Begin PBXFrameworksBuildPhase section */
		7910CBB81B14834F00A65173 /* Frameworks */ = {
			isa = PBXFrameworksBuildPhase;
			buildActionMask = 2147483647;
			files = (
			);
			runOnlyForDeploymentPostprocessing = 0;
		};
		7910CBD11B14834F00A65173 /* Frameworks */ = {
			isa = PBXFrameworksBuildPhase;
			buildActionMask = 2147483647;
			files = (
			);
			runOnlyForDeploymentPostprocessing = 0;
		};
/* End PBXFrameworksBuildPhase section */

/* Begin PBXGroup section */
		7910CBB21B14834F00A65173 = {
			isa = PBXGroup;
			children = (
				7910CBBD1B14834F00A65173 /* Swiftris */,
				7910CBD71B14834F00A65173 /* SwiftrisTests */,
				7910CBBC1B14834F00A65173 /* Products */,
			);
			sourceTree = "<group>";
		};
		7910CBBC1B14834F00A65173 /* Products */ = {
			isa = PBXGroup;
			children = (
				7910CBBB1B14834F00A65173 /* Swiftris.app */,
				7910CBD41B14834F00A65173 /* SwiftrisTests.xctest */,
			);
			name = Products;
			sourceTree = "<group>";
		};
		7910CBBD1B14834F00A65173 /* Swiftris */ = {
			isa = PBXGroup;
			children = (
				7910CBC01B14834F00A65173 /* AppDelegate.swift */,
				7910CBC41B14834F00A65173 /* GameScene.swift */,
				7910CBC61B14834F00A65173 /* GameViewController.swift */,
				7910CBC81B14834F00A65173 /* Main.storyboard */,
				7910CBCB1B14834F00A65173 /* Images.xcassets */,
				7910CBCD1B14834F00A65173 /* LaunchScreen.xib */,
				7910CBEF1B1487B800A65173 /* Sprites.atlas */,
				7910CBE41B14879F00A65173 /* Sounds */,
				7910CBBE1B14834F00A65173 /* Supporting Files */,
			);
			path = Swiftris;
			sourceTree = "<group>";
		};
		7910CBBE1B14834F00A65173 /* Supporting Files */ = {
			isa = PBXGroup;
			children = (
				7910CBF11B1487E400A65173 /* background.png */,
				7910CBF21B1487E400A65173 /* background@2x.png */,
				7910CBF31B1487E400A65173 /* gameboard.png */,
				7910CBF41B1487E400A65173 /* gameboard@2x.png */,
				7910CBF51B1487E400A65173 /* whitebg.png */,
				7910CBF61B1487E400A65173 /* whitebg@2x.png */,
				7910CBBF1B14834F00A65173 /* Info.plist */,
			);
			name = "Supporting Files";
			sourceTree = "<group>";
		};
		7910CBD71B14834F00A65173 /* SwiftrisTests */ = {
			isa = PBXGroup;
			children = (
				7910CBDA1B14834F00A65173 /* SwiftrisTests.swift */,
				7910CBD81B14834F00A65173 /* Supporting Files */,
			);
			path = SwiftrisTests;
			sourceTree = "<group>";
		};
		7910CBD81B14834F00A65173 /* Supporting Files */ = {
			isa = PBXGroup;
			children = (
				7910CBD91B14834F00A65173 /* Info.plist */,
			);
			name = "Supporting Files";
			sourceTree = "<group>";
		};
		7910CBE41B14879F00A65173 /* Sounds */ = {
			isa = PBXGroup;
			children = (
				7910CBE51B14879F00A65173 /* bomb.mp3 */,
				7910CBE61B14879F00A65173 /* drop.mp3 */,
				7910CBE71B14879F00A65173 /* gameover.mp3 */,
				7910CBE81B14879F00A65173 /* levelup.mp3 */,
				7910CBE91B14879F00A65173 /* theme.mp3 */,
			);
			path = Sounds;
			sourceTree = "<group>";
		};
/* End PBXGroup section */

/* Begin PBXNativeTarget section */
		7910CBBA1B14834F00A65173 /* Swiftris */ = {
			isa = PBXNativeTarget;
			buildConfigurationList = 7910CBDE1B14834F00A65173 /* Build configuration list for PBXNativeTarget "Swiftris" */;
			buildPhases = (
				7910CBB71B14834F00A65173 /* Sources */,
				7910CBB81B14834F00A65173 /* Frameworks */,
				7910CBB91B14834F00A65173 /* Resources */,
			);
			buildRules = (
			);
			dependencies = (
			);
			name = Swiftris;
			productName = Swiftris;
			productReference = 7910CBBB1B14834F00A65173 /* Swiftris.app */;
			productType = "com.apple.product-type.application";
		};
		7910CBD31B14834F00A65173 /* SwiftrisTests */ = {
			isa = PBXNativeTarget;
			buildConfigurationList = 7910CBE11B14834F00A65173 /* Build configuration list for PBXNativeTarget "SwiftrisTests" */;
			buildPhases = (
				7910CBD01B14834F00A65173 /* Sources */,
				7910CBD11B14834F00A65173 /* Frameworks */,
				7910CBD21B14834F00A65173 /* Resources */,
			);
			buildRules = (
			);
			dependencies = (
				7910CBD61B14834F00A65173 /* PBXTargetDependency */,
			);
			name = SwiftrisTests;
			productName = SwiftrisTests;
			productReference = 7910CBD41B14834F00A65173 /* SwiftrisTests.xctest */;
			productType = "com.apple.product-type.bundle.unit-test";
		};
/* End PBXNativeTarget section */

/* Begin PBXProject section */
		7910CBB31B14834F00A65173 /* Project object */ = {
			isa = PBXProject;
			attributes = {
				LastUpgradeCheck = 0610;
				ORGANIZATIONNAME = Bloc;
				TargetAttributes = {
					7910CBBA1B14834F00A65173 = {
						CreatedOnToolsVersion = 6.1.1;
					};
					7910CBD31B14834F00A65173 = {
						CreatedOnToolsVersion = 6.1.1;
						TestTargetID = 7910CBBA1B14834F00A65173;
					};
				};
			};
			buildConfigurationList = 7910CBB61B14834F00A65173 /* Build configuration list for PBXProject "Swiftris" */;
			compatibilityVersion = "Xcode 3.2";
			developmentRegion = English;
			hasScannedForEncodings = 0;
			knownRegions = (
				en,
				Base,
			);
			mainGroup = 7910CBB21B14834F00A65173;
			productRefGroup = 7910CBBC1B14834F00A65173 /* Products */;
			projectDirPath = "";
			projectRoot = "";
			targets = (
				7910CBBA1B14834F00A65173 /* Swiftris */,
				7910CBD31B14834F00A65173 /* SwiftrisTests */,
			);
		};
/* End PBXProject section */

/* Begin PBXResourcesBuildPhase section */
		7910CBB91B14834F00A65173 /* Resources */ = {
			isa = PBXResourcesBuildPhase;
			buildActionMask = 2147483647;
			files = (
				7910CBCF1B14834F00A65173 /* LaunchScreen.xib in Resources */,
				7910CBF81B1487E400A65173 /* background@2x.png in Resources */,
				7910CBFB1B1487E400A65173 /* whitebg.png in Resources */,
				7910CBFA1B1487E400A65173 /* gameboard@2x.png in Resources */,
				7910CBF91B1487E400A65173 /* gameboard.png in Resources */,
				7910CBF71B1487E400A65173 /* background.png in Resources */,
				7910CBEB1B14879F00A65173 /* drop.mp3 in Resources */,
				7910CBFC1B1487E400A65173 /* whitebg@2x.png in Resources */,
				7910CBEE1B14879F00A65173 /* theme.mp3 in Resources */,
				7910CBEC1B14879F00A65173 /* gameover.mp3 in Resources */,
				7910CBCC1B14834F00A65173 /* Images.xcassets in Resources */,
				7910CBED1B14879F00A65173 /* levelup.mp3 in Resources */,
				7910CBF01B1487B800A65173 /* Sprites.atlas in Resources */,
				7910CBEA1B14879F00A65173 /* bomb.mp3 in Resources */,
				7910CBCA1B14834F00A65173 /* Main.storyboard in Resources */,
			);
			runOnlyForDeploymentPostprocessing = 0;
		};
		7910CBD21B14834F00A65173 /* Resources */ = {
			isa = PBXResourcesBuildPhase;
			buildActionMask = 2147483647;
			files = (
			);
			runOnlyForDeploymentPostprocessing = 0;
		};
/* End PBXResourcesBuildPhase section */

/* Begin PBXSourcesBuildPhase section */
		7910CBB71B14834F00A65173 /* Sources */ = {
			isa = PBXSourcesBuildPhase;
			buildActionMask = 2147483647;
			files = (
				7910CBC51B14834F00A65173 /* GameScene.swift in Sources */,
				7910CBC71B14834F00A65173 /* GameViewController.swift in Sources */,
				7910CBC11B14834F00A65173 /* AppDelegate.swift in Sources */,
			);
			runOnlyForDeploymentPostprocessing = 0;
		};
		7910CBD01B14834F00A65173 /* Sources */ = {
			isa = PBXSourcesBuildPhase;
			buildActionMask = 2147483647;
			files = (
				7910CBDB1B14834F00A65173 /* SwiftrisTests.swift in Sources */,
			);
			runOnlyForDeploymentPostprocessing = 0;
		};
/* End PBXSourcesBuildPhase section */

/* Begin PBXTargetDependency section */
		7910CBD61B14834F00A65173 /* PBXTargetDependency */ = {
			isa = PBXTargetDependency;
			target = 7910CBBA1B14834F00A65173 /* Swiftris */;
			targetProxy = 7910CBD51B14834F00A65173 /* PBXContainerItemProxy */;
		};
/* End PBXTargetDependency section */

/* Begin PBXVariantGroup section */
		7910CBC81B14834F00A65173 /* Main.storyboard */ = {
			isa = PBXVariantGroup;
			children = (
				7910CBC91B14834F00A65173 /* Base */,
			);
			name = Main.storyboard;
			sourceTree = "<group>";
		};
		7910CBCD1B14834F00A65173 /* LaunchScreen.xib */ = {
			isa = PBXVariantGroup;
			children = (
				7910CBCE1B14834F00A65173 /* Base */,
			);
			name = LaunchScreen.xib;
			sourceTree = "<group>";
		};
/* End PBXVariantGroup section */

/* Begin XCBuildConfiguration section */
		7910CBDC1B14834F00A65173 /* Debug */ = {
			isa = XCBuildConfiguration;
			buildSettings = {
				ALWAYS_SEARCH_USER_PATHS = NO;
				CLANG_CXX_LANGUAGE_STANDARD = "gnu++0x";
				CLANG_CXX_LIBRARY = "libc++";
				CLANG_ENABLE_MODULES = YES;
				CLANG_ENABLE_OBJC_ARC = YES;
				CLANG_WARN_BOOL_CONVERSION = YES;
				CLANG_WARN_CONSTANT_CONVERSION = YES;
				CLANG_WARN_DIRECT_OBJC_ISA_USAGE = YES_ERROR;
				CLANG_WARN_EMPTY_BODY = YES;
				CLANG_WARN_ENUM_CONVERSION = YES;
				CLANG_WARN_INT_CONVERSION = YES;
				CLANG_WARN_OBJC_ROOT_CLASS = YES_ERROR;
				CLANG_WARN_UNREACHABLE_CODE = YES;
				CLANG_WARN__DUPLICATE_METHOD_MATCH = YES;
				"CODE_SIGN_IDENTITY[sdk=iphoneos*]" = "iPhone Developer";
				COPY_PHASE_STRIP = NO;
				ENABLE_STRICT_OBJC_MSGSEND = YES;
				GCC_C_LANGUAGE_STANDARD = gnu99;
				GCC_DYNAMIC_NO_PIC = NO;
				GCC_OPTIMIZATION_LEVEL = 0;
				GCC_PREPROCESSOR_DEFINITIONS = (
					"DEBUG=1",
					"$(inherited)",
				);
				GCC_SYMBOLS_PRIVATE_EXTERN = NO;
				GCC_WARN_64_TO_32_BIT_CONVERSION = YES;
				GCC_WARN_ABOUT_RETURN_TYPE = YES_ERROR;
				GCC_WARN_UNDECLARED_SELECTOR = YES;
				GCC_WARN_UNINITIALIZED_AUTOS = YES_AGGRESSIVE;
				GCC_WARN_UNUSED_FUNCTION = YES;
				GCC_WARN_UNUSED_VARIABLE = YES;
				IPHONEOS_DEPLOYMENT_TARGET = 8.1;
				MTL_ENABLE_DEBUG_INFO = YES;
				ONLY_ACTIVE_ARCH = YES;
				SDKROOT = iphoneos;
				SWIFT_OPTIMIZATION_LEVEL = "-Onone";
			};
			name = Debug;
		};
		7910CBDD1B14834F00A65173 /* Release */ = {
			isa = XCBuildConfiguration;
			buildSettings = {
				ALWAYS_SEARCH_USER_PATHS = NO;
				CLANG_CXX_LANGUAGE_STANDARD = "gnu++0x";
				CLANG_CXX_LIBRARY = "libc++";
				CLANG_ENABLE_MODULES = YES;
				CLANG_ENABLE_OBJC_ARC = YES;
				CLANG_WARN_BOOL_CONVERSION = YES;
				CLANG_WARN_CONSTANT_CONVERSION = YES;
				CLANG_WARN_DIRECT_OBJC_ISA_USAGE = YES_ERROR;
				CLANG_WARN_EMPTY_BODY = YES;
				CLANG_WARN_ENUM_CONVERSION = YES;
				CLANG_WARN_INT_CONVERSION = YES;
				CLANG_WARN_OBJC_ROOT_CLASS = YES_ERROR;
				CLANG_WARN_UNREACHABLE_CODE = YES;
				CLANG_WARN__DUPLICATE_METHOD_MATCH = YES;
				"CODE_SIGN_IDENTITY[sdk=iphoneos*]" = "iPhone Developer";
				COPY_PHASE_STRIP = YES;
				ENABLE_NS_ASSERTIONS = NO;
				ENABLE_STRICT_OBJC_MSGSEND = YES;
				GCC_C_LANGUAGE_STANDARD = gnu99;
				GCC_WARN_64_TO_32_BIT_CONVERSION = YES;
				GCC_WARN_ABOUT_RETURN_TYPE = YES_ERROR;
				GCC_WARN_UNDECLARED_SELECTOR = YES;
				GCC_WARN_UNINITIALIZED_AUTOS = YES_AGGRESSIVE;
				GCC_WARN_UNUSED_FUNCTION = YES;
				GCC_WARN_UNUSED_VARIABLE = YES;
				IPHONEOS_DEPLOYMENT_TARGET = 8.1;
				MTL_ENABLE_DEBUG_INFO = NO;
				SDKROOT = iphoneos;
				VALIDATE_PRODUCT = YES;
			};
			name = Release;
		};
		7910CBDF1B14834F00A65173 /* Debug */ = {
			isa = XCBuildConfiguration;
			buildSettings = {
				ASSETCATALOG_COMPILER_APPICON_NAME = AppIcon;
				INFOPLIST_FILE = Swiftris/Info.plist;
				IPHONEOS_DEPLOYMENT_TARGET = 8.0;
				LD_RUNPATH_SEARCH_PATHS = "$(inherited) @executable_path/Frameworks";
				PRODUCT_NAME = "$(TARGET_NAME)";
			};
			name = Debug;
		};
		7910CBE01B14834F00A65173 /* Release */ = {
			isa = XCBuildConfiguration;
			buildSettings = {
				ASSETCATALOG_COMPILER_APPICON_NAME = AppIcon;
				INFOPLIST_FILE = Swiftris/Info.plist;
				IPHONEOS_DEPLOYMENT_TARGET = 8.0;
				LD_RUNPATH_SEARCH_PATHS = "$(inherited) @executable_path/Frameworks";
				PRODUCT_NAME = "$(TARGET_NAME)";
			};
			name = Release;
		};
		7910CBE21B14834F00A65173 /* Debug */ = {
			isa = XCBuildConfiguration;
			buildSettings = {
				BUNDLE_LOADER = "$(TEST_HOST)";
				FRAMEWORK_SEARCH_PATHS = (
					"$(SDKROOT)/Developer/Library/Frameworks",
					"$(inherited)",
				);
				GCC_PREPROCESSOR_DEFINITIONS = (
					"DEBUG=1",
					"$(inherited)",
				);
				INFOPLIST_FILE = SwiftrisTests/Info.plist;
				LD_RUNPATH_SEARCH_PATHS = "$(inherited) @executable_path/Frameworks @loader_path/Frameworks";
				PRODUCT_NAME = "$(TARGET_NAME)";
				TEST_HOST = "$(BUILT_PRODUCTS_DIR)/Swiftris.app/Swiftris";
			};
			name = Debug;
		};
		7910CBE31B14834F00A65173 /* Release */ = {
			isa = XCBuildConfiguration;
			buildSettings = {
				BUNDLE_LOADER = "$(TEST_HOST)";
				FRAMEWORK_SEARCH_PATHS = (
					"$(SDKROOT)/Developer/Library/Frameworks",
					"$(inherited)",
				);
				INFOPLIST_FILE = SwiftrisTests/Info.plist;
				LD_RUNPATH_SEARCH_PATHS = "$(inherited) @executable_path/Frameworks @loader_path/Frameworks";
				PRODUCT_NAME = "$(TARGET_NAME)";
				TEST_HOST = "$(BUILT_PRODUCTS_DIR)/Swiftris.app/Swiftris";
			};
			name = Release;
		};
/* End XCBuildConfiguration section */

/* Begin XCConfigurationList section */
		7910CBB61B14834F00A65173 /* Build configuration list for PBXProject "Swiftris" */ = {
			isa = XCConfigurationList;
			buildConfigurations = (
				7910CBDC1B14834F00A65173 /* Debug */,
				7910CBDD1B14834F00A65173 /* Release */,
			);
			defaultConfigurationIsVisible = 0;
			defaultConfigurationName = Release;
		};
		7910CBDE1B14834F00A65173 /* Build configuration list for PBXNativeTarget "Swiftris" */ = {
			isa = XCConfigurationList;
			buildConfigurations = (
				7910CBDF1B14834F00A65173 /* Debug */,
				7910CBE01B14834F00A65173 /* Release */,
			);
			defaultConfigurationIsVisible = 0;
		};
		7910CBE11B14834F00A65173 /* Build configuration list for PBXNativeTarget "SwiftrisTests" */ = {
			isa = XCConfigurationList;
			buildConfigurations = (
				7910CBE21B14834F00A65173 /* Debug */,
				7910CBE31B14834F00A65173 /* Release */,
			);
			defaultConfigurationIsVisible = 0;
		};
/* End XCConfigurationList section */
	};
	rootObject = 7910CBB31B14834F00A65173 /* Project object */;
}
